// !$*UTF8*$!
{
	archiveVersion = 1;
	classes = {
	};
	objectVersion = 50;
	objects = {

/* Begin PBXBuildFile section */
		290B58D0220177FD00C9F2C7 /* AppDelegate.swift in Sources */ = {isa = PBXBuildFile; fileRef = 290B58CF220177FD00C9F2C7 /* AppDelegate.swift */; };
		290B58D2220177FD00C9F2C7 /* ViewController.swift in Sources */ = {isa = PBXBuildFile; fileRef = 290B58D1220177FD00C9F2C7 /* ViewController.swift */; };
		290B58D5220177FD00C9F2C7 /* Main.storyboard in Resources */ = {isa = PBXBuildFile; fileRef = 290B58D3220177FD00C9F2C7 /* Main.storyboard */; };
		290B58D7220177FF00C9F2C7 /* Assets.xcassets in Resources */ = {isa = PBXBuildFile; fileRef = 290B58D6220177FF00C9F2C7 /* Assets.xcassets */; };
		290B58DA220177FF00C9F2C7 /* LaunchScreen.storyboard in Resources */ = {isa = PBXBuildFile; fileRef = 290B58D8220177FF00C9F2C7 /* LaunchScreen.storyboard */; };
		290B58E5220177FF00C9F2C7 /* TipCalculatorTests.swift in Sources */ = {isa = PBXBuildFile; fileRef = 290B58E4220177FF00C9F2C7 /* TipCalculatorTests.swift */; };
		290B58F0220177FF00C9F2C7 /* TipCalculatorUITests.swift in Sources */ = {isa = PBXBuildFile; fileRef = 290B58EF220177FF00C9F2C7 /* TipCalculatorUITests.swift */; };
/* End PBXBuildFile section */

/* Begin PBXContainerItemProxy section */
		290B58E1220177FF00C9F2C7 /* PBXContainerItemProxy */ = {
			isa = PBXContainerItemProxy;
			containerPortal = 290B58C4220177FD00C9F2C7 /* Project object */;
			proxyType = 1;
			remoteGlobalIDString = 290B58CB220177FD00C9F2C7;
			remoteInfo = TipCalculator;
		};
		290B58EC220177FF00C9F2C7 /* PBXContainerItemProxy */ = {
			isa = PBXContainerItemProxy;
			containerPortal = 290B58C4220177FD00C9F2C7 /* Project object */;
			proxyType = 1;
			remoteGlobalIDString = 290B58CB220177FD00C9F2C7;
			remoteInfo = TipCalculator;
		};
/* End PBXContainerItemProxy section */

/* Begin PBXFileReference section */
		290B58CC220177FD00C9F2C7 /* TipCalculator.app */ = {isa = PBXFileReference; explicitFileType = wrapper.application; includeInIndex = 0; path = TipCalculator.app; sourceTree = BUILT_PRODUCTS_DIR; };
		290B58CF220177FD00C9F2C7 /* AppDelegate.swift */ = {isa = PBXFileReference; lastKnownFileType = sourcecode.swift; path = AppDelegate.swift; sourceTree = "<group>"; };
		290B58D1220177FD00C9F2C7 /* ViewController.swift */ = {isa = PBXFileReference; lastKnownFileType = sourcecode.swift; path = ViewController.swift; sourceTree = "<group>"; };
		290B58D4220177FD00C9F2C7 /* Base */ = {isa = PBXFileReference; lastKnownFileType = file.storyboard; name = Base; path = Base.lproj/Main.storyboard; sourceTree = "<group>"; };
		290B58D6220177FF00C9F2C7 /* Assets.xcassets */ = {isa = PBXFileReference; lastKnownFileType = folder.assetcatalog; path = Assets.xcassets; sourceTree = "<group>"; };
		290B58D9220177FF00C9F2C7 /* Base */ = {isa = PBXFileReference; lastKnownFileType = file.storyboard; name = Base; path = Base.lproj/LaunchScreen.storyboard; sourceTree = "<group>"; };
		290B58DB220177FF00C9F2C7 /* Info.plist */ = {isa = PBXFileReference; lastKnownFileType = text.plist.xml; path = Info.plist; sourceTree = "<group>"; };
		290B58E0220177FF00C9F2C7 /* TipCalculatorTests.xctest */ = {isa = PBXFileReference; explicitFileType = wrapper.cfbundle; includeInIndex = 0; path = TipCalculatorTests.xctest; sourceTree = BUILT_PRODUCTS_DIR; };
		290B58E4220177FF00C9F2C7 /* TipCalculatorTests.swift */ = {isa = PBXFileReference; lastKnownFileType = sourcecode.swift; path = TipCalculatorTests.swift; sourceTree = "<group>"; };
		290B58E6220177FF00C9F2C7 /* Info.plist */ = {isa = PBXFileReference; lastKnownFileType = text.plist.xml; path = Info.plist; sourceTree = "<group>"; };
		290B58EB220177FF00C9F2C7 /* TipCalculatorUITests.xctest */ = {isa = PBXFileReference; explicitFileType = wrapper.cfbundle; includeInIndex = 0; path = TipCalculatorUITests.xctest; sourceTree = BUILT_PRODUCTS_DIR; };
		290B58EF220177FF00C9F2C7 /* TipCalculatorUITests.swift */ = {isa = PBXFileReference; lastKnownFileType = sourcecode.swift; path = TipCalculatorUITests.swift; sourceTree = "<group>"; };
		290B58F1220177FF00C9F2C7 /* Info.plist */ = {isa = PBXFileReference; lastKnownFileType = text.plist.xml; path = Info.plist; sourceTree = "<group>"; };
/* End PBXFileReference section */

/* Begin PBXFrameworksBuildPhase section */
		290B58C9220177FD00C9F2C7 /* Frameworks */ = {
			isa = PBXFrameworksBuildPhase;
			buildActionMask = 2147483647;
			files = (
			);
			runOnlyForDeploymentPostprocessing = 0;
		};
		290B58DD220177FF00C9F2C7 /* Frameworks */ = {
			isa = PBXFrameworksBuildPhase;
			buildActionMask = 2147483647;
			files = (
			);
			runOnlyForDeploymentPostprocessing = 0;
		};
		290B58E8220177FF00C9F2C7 /* Frameworks */ = {
			isa = PBXFrameworksBuildPhase;
			buildActionMask = 2147483647;
			files = (
			);
			runOnlyForDeploymentPostprocessing = 0;
		};
/* End PBXFrameworksBuildPhase section */

/* Begin PBXGroup section */
		290B58C3220177FD00C9F2C7 = {
			isa = PBXGroup;
			children = (
				290B58CE220177FD00C9F2C7 /* TipCalculator */,
				290B58E3220177FF00C9F2C7 /* TipCalculatorTests */,
				290B58EE220177FF00C9F2C7 /* TipCalculatorUITests */,
				290B58CD220177FD00C9F2C7 /* Products */,
			);
			sourceTree = "<group>";
		};
		290B58CD220177FD00C9F2C7 /* Products */ = {
			isa = PBXGroup;
			children = (
				290B58CC220177FD00C9F2C7 /* TipCalculator.app */,
				290B58E0220177FF00C9F2C7 /* TipCalculatorTests.xctest */,
				290B58EB220177FF00C9F2C7 /* TipCalculatorUITests.xctest */,
			);
			name = Products;
			sourceTree = "<group>";
		};
		290B58CE220177FD00C9F2C7 /* TipCalculator */ = {
			isa = PBXGroup;
			children = (
				290B58CF220177FD00C9F2C7 /* AppDelegate.swift */,
				290B58D1220177FD00C9F2C7 /* ViewController.swift */,
				290B58D3220177FD00C9F2C7 /* Main.storyboard */,
				290B58D6220177FF00C9F2C7 /* Assets.xcassets */,
				290B58D8220177FF00C9F2C7 /* LaunchScreen.storyboard */,
				290B58DB220177FF00C9F2C7 /* Info.plist */,
			);
			path = TipCalculator;
			sourceTree = "<group>";
		};
		290B58E3220177FF00C9F2C7 /* TipCalculatorTests */ = {
			isa = PBXGroup;
			children = (
				290B58E4220177FF00C9F2C7 /* TipCalculatorTests.swift */,
				290B58E6220177FF00C9F2C7 /* Info.plist */,
			);
			path = TipCalculatorTests;
			sourceTree = "<group>";
		};
		290B58EE220177FF00C9F2C7 /* TipCalculatorUITests */ = {
			isa = PBXGroup;
			children = (
				290B58EF220177FF00C9F2C7 /* TipCalculatorUITests.swift */,
				290B58F1220177FF00C9F2C7 /* Info.plist */,
			);
			path = TipCalculatorUITests;
			sourceTree = "<group>";
		};
/* End PBXGroup section */

/* Begin PBXNativeTarget section */
		290B58CB220177FD00C9F2C7 /* TipCalculator */ = {
			isa = PBXNativeTarget;
			buildConfigurationList = 290B58F4220177FF00C9F2C7 /* Build configuration list for PBXNativeTarget "TipCalculator" */;
			buildPhases = (
				290B58C8220177FD00C9F2C7 /* Sources */,
				290B58C9220177FD00C9F2C7 /* Frameworks */,
				290B58CA220177FD00C9F2C7 /* Resources */,
			);
			buildRules = (
			);
			dependencies = (
			);
			name = TipCalculator;
			productName = TipCalculator;
			productReference = 290B58CC220177FD00C9F2C7 /* TipCalculator.app */;
			productType = "com.apple.product-type.application";
		};
		290B58DF220177FF00C9F2C7 /* TipCalculatorTests */ = {
			isa = PBXNativeTarget;
			buildConfigurationList = 290B58F7220177FF00C9F2C7 /* Build configuration list for PBXNativeTarget "TipCalculatorTests" */;
			buildPhases = (
				290B58DC220177FF00C9F2C7 /* Sources */,
				290B58DD220177FF00C9F2C7 /* Frameworks */,
				290B58DE220177FF00C9F2C7 /* Resources */,
			);
			buildRules = (
			);
			dependencies = (
				290B58E2220177FF00C9F2C7 /* PBXTargetDependency */,
			);
			name = TipCalculatorTests;
			productName = TipCalculatorTests;
			productReference = 290B58E0220177FF00C9F2C7 /* TipCalculatorTests.xctest */;
			productType = "com.apple.product-type.bundle.unit-test";
		};
		290B58EA220177FF00C9F2C7 /* TipCalculatorUITests */ = {
			isa = PBXNativeTarget;
			buildConfigurationList = 290B58FA220177FF00C9F2C7 /* Build configuration list for PBXNativeTarget "TipCalculatorUITests" */;
			buildPhases = (
				290B58E7220177FF00C9F2C7 /* Sources */,
				290B58E8220177FF00C9F2C7 /* Frameworks */,
				290B58E9220177FF00C9F2C7 /* Resources */,
			);
			buildRules = (
			);
			dependencies = (
				290B58ED220177FF00C9F2C7 /* PBXTargetDependency */,
			);
			name = TipCalculatorUITests;
			productName = TipCalculatorUITests;
			productReference = 290B58EB220177FF00C9F2C7 /* TipCalculatorUITests.xctest */;
			productType = "com.apple.product-type.bundle.ui-testing";
		};
/* End PBXNativeTarget section */

/* Begin PBXProject section */
		290B58C4220177FD00C9F2C7 /* Project object */ = {
			isa = PBXProject;
			attributes = {
				LastSwiftUpdateCheck = 1010;
				LastUpgradeCheck = 1010;
				ORGANIZATIONNAME = "Shubham Patil";
				TargetAttributes = {
					290B58CB220177FD00C9F2C7 = {
						CreatedOnToolsVersion = 10.1;
					};
					290B58DF220177FF00C9F2C7 = {
						CreatedOnToolsVersion = 10.1;
						TestTargetID = 290B58CB220177FD00C9F2C7;
					};
					290B58EA220177FF00C9F2C7 = {
						CreatedOnToolsVersion = 10.1;
						TestTargetID = 290B58CB220177FD00C9F2C7;
					};
				};
			};
			buildConfigurationList = 290B58C7220177FD00C9F2C7 /* Build configuration list for PBXProject "TipCalculator" */;
			compatibilityVersion = "Xcode 9.3";
			developmentRegion = en;
			hasScannedForEncodings = 0;
			knownRegions = (
				en,
				Base,
			);
			mainGroup = 290B58C3220177FD00C9F2C7;
			productRefGroup = 290B58CD220177FD00C9F2C7 /* Products */;
			projectDirPath = "";
			projectRoot = "";
			targets = (
				290B58CB220177FD00C9F2C7 /* TipCalculator */,
				290B58DF220177FF00C9F2C7 /* TipCalculatorTests */,
				290B58EA220177FF00C9F2C7 /* TipCalculatorUITests */,
			);
		};
/* End PBXProject section */

/* Begin PBXResourcesBuildPhase section */
		290B58CA220177FD00C9F2C7 /* Resources */ = {
			isa = PBXResourcesBuildPhase;
			buildActionMask = 2147483647;
			files = (
				290B58DA220177FF00C9F2C7 /* LaunchScreen.storyboard in Resources */,
				290B58D7220177FF00C9F2C7 /* Assets.xcassets in Resources */,
				290B58D5220177FD00C9F2C7 /* Main.storyboard in Resources */,
			);
			runOnlyForDeploymentPostprocessing = 0;
		};
		290B58DE220177FF00C9F2C7 /* Resources */ = {
			isa = PBXResourcesBuildPhase;
			buildActionMask = 2147483647;
			files = (
			);
			runOnlyForDeploymentPostprocessing = 0;
		};
		290B58E9220177FF00C9F2C7 /* Resources */ = {
			isa = PBXResourcesBuildPhase;
			buildActionMask = 2147483647;
			files = (
			);
			runOnlyForDeploymentPostprocessing = 0;
		};
/* End PBXResourcesBuildPhase section */

/* Begin PBXSourcesBuildPhase section */
		290B58C8220177FD00C9F2C7 /* Sources */ = {
			isa = PBXSourcesBuildPhase;
			buildActionMask = 2147483647;
			files = (
				290B58D2220177FD00C9F2C7 /* ViewController.swift in Sources */,
				290B58D0220177FD00C9F2C7 /* AppDelegate.swift in Sources */,
			);
			runOnlyForDeploymentPostprocessing = 0;
		};
		290B58DC220177FF00C9F2C7 /* Sources */ = {
			isa = PBXSourcesBuildPhase;
			buildActionMask = 2147483647;
			files = (
				290B58E5220177FF00C9F2C7 /* TipCalculatorTests.swift in Sources */,
			);
			runOnlyForDeploymentPostprocessing = 0;
		};
		290B58E7220177FF00C9F2C7 /* Sources */ = {
			isa = PBXSourcesBuildPhase;
			buildActionMask = 2147483647;
			files = (
				290B58F0220177FF00C9F2C7 /* TipCalculatorUITests.swift in Sources */,
			);
			runOnlyForDeploymentPostprocessing = 0;
		};
/* End PBXSourcesBuildPhase section */

/* Begin PBXTargetDependency section */
		290B58E2220177FF00C9F2C7 /* PBXTargetDependency */ = {
			isa = PBXTargetDependency;
			target = 290B58CB220177FD00C9F2C7 /* TipCalculator */;
			targetProxy = 290B58E1220177FF00C9F2C7 /* PBXContainerItemProxy */;
		};
		290B58ED220177FF00C9F2C7 /* PBXTargetDependency */ = {
			isa = PBXTargetDependency;
			target = 290B58CB220177FD00C9F2C7 /* TipCalculator */;
			targetProxy = 290B58EC220177FF00C9F2C7 /* PBXContainerItemProxy */;
		};
/* End PBXTargetDependency section */

/* Begin PBXVariantGroup section */
		290B58D3220177FD00C9F2C7 /* Main.storyboard */ = {
			isa = PBXVariantGroup;
			children = (
				290B58D4220177FD00C9F2C7 /* Base */,
			);
			name = Main.storyboard;
			sourceTree = "<group>";
		};
		290B58D8220177FF00C9F2C7 /* LaunchScreen.storyboard */ = {
			isa = PBXVariantGroup;
			children = (
				290B58D9220177FF00C9F2C7 /* Base */,
			);
			name = LaunchScreen.storyboard;
			sourceTree = "<group>";
		};
/* End PBXVariantGroup section */

/* Begin XCBuildConfiguration section */
		290B58F2220177FF00C9F2C7 /* Debug */ = {
			isa = XCBuildConfiguration;
			buildSettings = {
				ALWAYS_SEARCH_USER_PATHS = NO;
				CLANG_ANALYZER_NONNULL = YES;
				CLANG_ANALYZER_NUMBER_OBJECT_CONVERSION = YES_AGGRESSIVE;
				CLANG_CXX_LANGUAGE_STANDARD = "gnu++14";
				CLANG_CXX_LIBRARY = "libc++";
				CLANG_ENABLE_MODULES = YES;
				CLANG_ENABLE_OBJC_ARC = YES;
				CLANG_ENABLE_OBJC_WEAK = YES;
				CLANG_WARN_BLOCK_CAPTURE_AUTORELEASING = YES;
				CLANG_WARN_BOOL_CONVERSION = YES;
				CLANG_WARN_COMMA = YES;
				CLANG_WARN_CONSTANT_CONVERSION = YES;
				CLANG_WARN_DEPRECATED_OBJC_IMPLEMENTATIONS = YES;
				CLANG_WARN_DIRECT_OBJC_ISA_USAGE = YES_ERROR;
				CLANG_WARN_DOCUMENTATION_COMMENTS = YES;
				CLANG_WARN_EMPTY_BODY = YES;
				CLANG_WARN_ENUM_CONVERSION = YES;
				CLANG_WARN_INFINITE_RECURSION = YES;
				CLANG_WARN_INT_CONVERSION = YES;
				CLANG_WARN_NON_LITERAL_NULL_CONVERSION = YES;
				CLANG_WARN_OBJC_IMPLICIT_RETAIN_SELF = YES;
				CLANG_WARN_OBJC_LITERAL_CONVERSION = YES;
				CLANG_WARN_OBJC_ROOT_CLASS = YES_ERROR;
				CLANG_WARN_RANGE_LOOP_ANALYSIS = YES;
				CLANG_WARN_STRICT_PROTOTYPES = YES;
				CLANG_WARN_SUSPICIOUS_MOVE = YES;
				CLANG_WARN_UNGUARDED_AVAILABILITY = YES_AGGRESSIVE;
				CLANG_WARN_UNREACHABLE_CODE = YES;
				CLANG_WARN__DUPLICATE_METHOD_MATCH = YES;
				CODE_SIGN_IDENTITY = "iPhone Developer";
				COPY_PHASE_STRIP = NO;
				DEBUG_INFORMATION_FORMAT = dwarf;
				ENABLE_STRICT_OBJC_MSGSEND = YES;
				ENABLE_TESTABILITY = YES;
				GCC_C_LANGUAGE_STANDARD = gnu11;
				GCC_DYNAMIC_NO_PIC = NO;
				GCC_NO_COMMON_BLOCKS = YES;
				GCC_OPTIMIZATION_LEVEL = 0;
				GCC_PREPROCESSOR_DEFINITIONS = (
					"DEBUG=1",
					"$(inherited)",
				);
				GCC_WARN_64_TO_32_BIT_CONVERSION = YES;
				GCC_WARN_ABOUT_RETURN_TYPE = YES_ERROR;
				GCC_WARN_UNDECLARED_SELECTOR = YES;
				GCC_WARN_UNINITIALIZED_AUTOS = YES_AGGRESSIVE;
				GCC_WARN_UNUSED_FUNCTION = YES;
				GCC_WARN_UNUSED_VARIABLE = YES;
				IPHONEOS_DEPLOYMENT_TARGET = 12.1;
				MTL_ENABLE_DEBUG_INFO = INCLUDE_SOURCE;
				MTL_FAST_MATH = YES;
				ONLY_ACTIVE_ARCH = YES;
				SDKROOT = iphoneos;
				SWIFT_ACTIVE_COMPILATION_CONDITIONS = DEBUG;
				SWIFT_OPTIMIZATION_LEVEL = "-Onone";
			};
			name = Debug;
		};
		290B58F3220177FF00C9F2C7 /* Release */ = {
			isa = XCBuildConfiguration;
			buildSettings = {
				ALWAYS_SEARCH_USER_PATHS = NO;
				CLANG_ANALYZER_NONNULL = YES;
				CLANG_ANALYZER_NUMBER_OBJECT_CONVERSION = YES_AGGRESSIVE;
				CLANG_CXX_LANGUAGE_STANDARD = "gnu++14";
				CLANG_CXX_LIBRARY = "libc++";
				CLANG_ENABLE_MODULES = YES;
				CLANG_ENABLE_OBJC_ARC = YES;
				CLANG_ENABLE_OBJC_WEAK = YES;
				CLANG_WARN_BLOCK_CAPTURE_AUTORELEASING = YES;
				CLANG_WARN_BOOL_CONVERSION = YES;
				CLANG_WARN_COMMA = YES;
				CLANG_WARN_CONSTANT_CONVERSION = YES;
				CLANG_WARN_DEPRECATED_OBJC_IMPLEMENTATIONS = YES;
				CLANG_WARN_DIRECT_OBJC_ISA_USAGE = YES_ERROR;
				CLANG_WARN_DOCUMENTATION_COMMENTS = YES;
				CLANG_WARN_EMPTY_BODY = YES;
				CLANG_WARN_ENUM_CONVERSION = YES;
				CLANG_WARN_INFINITE_RECURSION = YES;
				CLANG_WARN_INT_CONVERSION = YES;
				CLANG_WARN_NON_LITERAL_NULL_CONVERSION = YES;
				CLANG_WARN_OBJC_IMPLICIT_RETAIN_SELF = YES;
				CLANG_WARN_OBJC_LITERAL_CONVERSION = YES;
				CLANG_WARN_OBJC_ROOT_CLASS = YES_ERROR;
				CLANG_WARN_RANGE_LOOP_ANALYSIS = YES;
				CLANG_WARN_STRICT_PROTOTYPES = YES;
				CLANG_WARN_SUSPICIOUS_MOVE = YES;
				CLANG_WARN_UNGUARDED_AVAILABILITY = YES_AGGRESSIVE;
				CLANG_WARN_UNREACHABLE_CODE = YES;
				CLANG_WARN__DUPLICATE_METHOD_MATCH = YES;
				CODE_SIGN_IDENTITY = "iPhone Developer";
				COPY_PHASE_STRIP = NO;
				DEBUG_INFORMATION_FORMAT = "dwarf-with-dsym";
				ENABLE_NS_ASSERTIONS = NO;
				ENABLE_STRICT_OBJC_MSGSEND = YES;
				GCC_C_LANGUAGE_STANDARD = gnu11;
				GCC_NO_COMMON_BLOCKS = YES;
				GCC_WARN_64_TO_32_BIT_CONVERSION = YES;
				GCC_WARN_ABOUT_RETURN_TYPE = YES_ERROR;
				GCC_WARN_UNDECLARED_SELECTOR = YES;
				GCC_WARN_UNINITIALIZED_AUTOS = YES_AGGRESSIVE;
				GCC_WARN_UNUSED_FUNCTION = YES;
				GCC_WARN_UNUSED_VARIABLE = YES;
				IPHONEOS_DEPLOYMENT_TARGET = 12.1;
				MTL_ENABLE_DEBUG_INFO = NO;
				MTL_FAST_MATH = YES;
				SDKROOT = iphoneos;
				SWIFT_COMPILATION_MODE = wholemodule;
				SWIFT_OPTIMIZATION_LEVEL = "-O";
				VALIDATE_PRODUCT = YES;
			};
			name = Release;
		};
		290B58F5220177FF00C9F2C7 /* Debug */ = {
			isa = XCBuildConfiguration;
			buildSettings = {
				ASSETCATALOG_COMPILER_APPICON_NAME = AppIcon;
				CODE_SIGN_STYLE = Automatic;
				INFOPLIST_FILE = TipCalculator/Info.plist;
				LD_RUNPATH_SEARCH_PATHS = (
					"$(inherited)",
					"@executable_path/Frameworks",
				);
				PRODUCT_BUNDLE_IDENTIFIER = ShubhamP.TipCalculator;
				PRODUCT_NAME = "$(TARGET_NAME)";
				SWIFT_VERSION = 4.2;
				TARGETED_DEVICE_FAMILY = "1,2";
			};
			name = Debug;
		};
		290B58F6220177FF00C9F2C7 /* Release */ = {
			isa = XCBuildConfiguration;
			buildSettings = {
				ASSETCATALOG_COMPILER_APPICON_NAME = AppIcon;
				CODE_SIGN_STYLE = Automatic;
				INFOPLIST_FILE = TipCalculator/Info.plist;
				LD_RUNPATH_SEARCH_PATHS = (
					"$(inherited)",
					"@executable_path/Frameworks",
				);
				PRODUCT_BUNDLE_IDENTIFIER = ShubhamP.TipCalculator;
				PRODUCT_NAME = "$(TARGET_NAME)";
				SWIFT_VERSION = 4.2;
				TARGETED_DEVICE_FAMILY = "1,2";
			};
			name = Release;
		};
		290B58F8220177FF00C9F2C7 /* Debug */ = {
			isa = XCBuildConfiguration;
			buildSettings = {
				ALWAYS_EMBED_SWIFT_STANDARD_LIBRARIES = YES;
				BUNDLE_LOADER = "$(TEST_HOST)";
				CODE_SIGN_STYLE = Automatic;
				INFOPLIST_FILE = TipCalculatorTests/Info.plist;
				LD_RUNPATH_SEARCH_PATHS = (
					"$(inherited)",
					"@executable_path/Frameworks",
					"@loader_path/Frameworks",
				);
				PRODUCT_BUNDLE_IDENTIFIER = ShubhamP.TipCalculatorTests;
				PRODUCT_NAME = "$(TARGET_NAME)";
				SWIFT_VERSION = 4.2;
				TARGETED_DEVICE_FAMILY = "1,2";
				TEST_HOST = "$(BUILT_PRODUCTS_DIR)/TipCalculator.app/TipCalculator";
			};
			name = Debug;
		};
		290B58F9220177FF00C9F2C7 /* Release */ = {
			isa = XCBuildConfiguration;
			buildSettings = {
				ALWAYS_EMBED_SWIFT_STANDARD_LIBRARIES = YES;
				BUNDLE_LOADER = "$(TEST_HOST)";
				CODE_SIGN_STYLE = Automatic;
				INFOPLIST_FILE = TipCalculatorTests/Info.plist;
				LD_RUNPATH_SEARCH_PATHS = (
					"$(inherited)",
					"@executable_path/Frameworks",
					"@loader_path/Frameworks",
				);
				PRODUCT_BUNDLE_IDENTIFIER = ShubhamP.TipCalculatorTests;
				PRODUCT_NAME = "$(TARGET_NAME)";
				SWIFT_VERSION = 4.2;
				TARGETED_DEVICE_FAMILY = "1,2";
				TEST_HOST = "$(BUILT_PRODUCTS_DIR)/TipCalculator.app/TipCalculator";
			};
			name = Release;
		};
		290B58FB220177FF00C9F2C7 /* Debug */ = {
			isa = XCBuildConfiguration;
			buildSettings = {
				ALWAYS_EMBED_SWIFT_STANDARD_LIBRARIES = YES;
				CODE_SIGN_STYLE = Automatic;
				INFOPLIST_FILE = TipCalculatorUITests/Info.plist;
				LD_RUNPATH_SEARCH_PATHS = (
					"$(inherited)",
					"@executable_path/Frameworks",
					"@loader_path/Frameworks",
				);
				PRODUCT_BUNDLE_IDENTIFIER = ShubhamP.TipCalculatorUITests;
				PRODUCT_NAME = "$(TARGET_NAME)";
				SWIFT_VERSION = 4.2;
				TARGETED_DEVICE_FAMILY = "1,2";
				TEST_TARGET_NAME = TipCalculator;
			};
			name = Debug;
		};
		290B58FC220177FF00C9F2C7 /* Release */ = {
			isa = XCBuildConfiguration;
			buildSettings = {
				ALWAYS_EMBED_SWIFT_STANDARD_LIBRARIES = YES;
				CODE_SIGN_STYLE = Automatic;
				INFOPLIST_FILE = TipCalculatorUITests/Info.plist;
				LD_RUNPATH_SEARCH_PATHS = (
					"$(inherited)",
					"@executable_path/Frameworks",
					"@loader_path/Frameworks",
				);
				PRODUCT_BUNDLE_IDENTIFIER = ShubhamP.TipCalculatorUITests;
				PRODUCT_NAME = "$(TARGET_NAME)";
				SWIFT_VERSION = 4.2;
				TARGETED_DEVICE_FAMILY = "1,2";
				TEST_TARGET_NAME = TipCalculator;
			};
			name = Release;
		};
/* End XCBuildConfiguration section */

/* Begin XCConfigurationList section */
		290B58C7220177FD00C9F2C7 /* Build configuration list for PBXProject "TipCalculator" */ = {
			isa = XCConfigurationList;
			buildConfigurations = (
				290B58F2220177FF00C9F2C7 /* Debug */,
				290B58F3220177FF00C9F2C7 /* Release */,
			);
			defaultConfigurationIsVisible = 0;
			defaultConfigurationName = Release;
		};
		290B58F4220177FF00C9F2C7 /* Build configuration list for PBXNativeTarget "TipCalculator" */ = {
			isa = XCConfigurationList;
			buildConfigurations = (
				290B58F5220177FF00C9F2C7 /* Debug */,
				290B58F6220177FF00C9F2C7 /* Release */,
			);
			defaultConfigurationIsVisible = 0;
			defaultConfigurationName = Release;
		};
		290B58F7220177FF00C9F2C7 /* Build configuration list for PBXNativeTarget "TipCalculatorTests" */ = {
			isa = XCConfigurationList;
			buildConfigurations = (
				290B58F8220177FF00C9F2C7 /* Debug */,
				290B58F9220177FF00C9F2C7 /* Release */,
			);
			defaultConfigurationIsVisible = 0;
			defaultConfigurationName = Release;
		};
		290B58FA220177FF00C9F2C7 /* Build configuration list for PBXNativeTarget "TipCalculatorUITests" */ = {
			isa = XCConfigurationList;
			buildConfigurations = (
				290B58FB220177FF00C9F2C7 /* Debug */,
				290B58FC220177FF00C9F2C7 /* Release */,
			);
			defaultConfigurationIsVisible = 0;
			defaultConfigurationName = Release;
		};
/* End XCConfigurationList section */
	};
	rootObject = 290B58C4220177FD00C9F2C7 /* Project object */;
}
